
Microsoft Visual Studio Solution File, Format Version 12.00
# Visual Studio Version 17
VisualStudioVersion = 17.5.33424.131
MinimumVisualStudioVersion = 10.0.40219.1
Project("{FAE04EC0-301F-11D3-BF4B-00C04F79EFBC}") = "pierwszyproj2", "pierwszyproj2.csproj", "{BFA91D22-52A7-4E86-822F-F9860596361A}"
EndProject
Global
	GlobalSection(SolutionConfigurationPlatforms) = preSolution
		Debug|Any CPU = Debug|Any CPU
		Release|Any CPU = Release|Any CPU
	EndGlobalSection
	GlobalSection(ProjectConfigurationPlatforms) = postSolution
		{BFA91D22-52A7-4E86-822F-F9860596361A}.Debug|Any CPU.ActiveCfg = Debug|Any CPU
		{BFA91D22-52A7-4E86-822F-F9860596361A}.Debug|Any CPU.Build.0 = Debug|Any CPU
		{BFA91D22-52A7-4E86-822F-F9860596361A}.Release|Any CPU.ActiveCfg = Release|Any CPU
		{BFA91D22-52A7-4E86-822F-F9860596361A}.Release|Any CPU.Build.0 = Release|Any CPU
	EndGlobalSection
	GlobalSection(SolutionProperties) = preSolution
		HideSolutionNode = FALSE
	EndGlobalSection
	GlobalSection(ExtensibilityGlobals) = postSolution
		SolutionGuid = {B6D53227-497A-417F-8E44-131C63183A26}
	EndGlobalSection
EndGlobal
